// !$*UTF8*$!
{
	archiveVersion = 1;
	classes = {
	};
	objectVersion = 55;
	objects = {

/* Begin PBXBuildFile section */
		AD036DEE28F208C800F8E1C2 /* GoogleService-Info.plist in Resources */ = {isa = PBXBuildFile; fileRef = AD036DED28F208C800F8E1C2 /* GoogleService-Info.plist */; };
		AD036DF128F20AA800F8E1C2 /* FirebaseAuth in Frameworks */ = {isa = PBXBuildFile; productRef = AD036DF028F20AA800F8E1C2 /* FirebaseAuth */; };
		AD036DF328F20AA800F8E1C2 /* FirebaseAuthCombine-Community in Frameworks */ = {isa = PBXBuildFile; productRef = AD036DF228F20AA800F8E1C2 /* FirebaseAuthCombine-Community */; };
		AD036DF528F20AA800F8E1C2 /* FirebaseDatabase in Frameworks */ = {isa = PBXBuildFile; productRef = AD036DF428F20AA800F8E1C2 /* FirebaseDatabase */; };
		AD036DF728F20AA800F8E1C2 /* FirebaseDatabaseSwift in Frameworks */ = {isa = PBXBuildFile; productRef = AD036DF628F20AA800F8E1C2 /* FirebaseDatabaseSwift */; };
		AD036DF928F20AA800F8E1C2 /* FirebaseFirestore in Frameworks */ = {isa = PBXBuildFile; productRef = AD036DF828F20AA800F8E1C2 /* FirebaseFirestore */; };
		AD036DFB28F20AA800F8E1C2 /* FirebaseFirestoreCombine-Community in Frameworks */ = {isa = PBXBuildFile; productRef = AD036DFA28F20AA800F8E1C2 /* FirebaseFirestoreCombine-Community */; };
		AD036DFD28F20AA800F8E1C2 /* FirebaseFirestoreSwift in Frameworks */ = {isa = PBXBuildFile; productRef = AD036DFC28F20AA800F8E1C2 /* FirebaseFirestoreSwift */; };
		AD036DFF28F20AA800F8E1C2 /* FirebaseStorage in Frameworks */ = {isa = PBXBuildFile; productRef = AD036DFE28F20AA800F8E1C2 /* FirebaseStorage */; };
		AD036E0128F20AA800F8E1C2 /* FirebaseStorageCombine-Community in Frameworks */ = {isa = PBXBuildFile; productRef = AD036E0028F20AA800F8E1C2 /* FirebaseStorageCombine-Community */; };
		AD036E0428F20BD800F8E1C2 /* OnboardingViewController.swift in Sources */ = {isa = PBXBuildFile; fileRef = AD036E0328F20BD800F8E1C2 /* OnboardingViewController.swift */; };
		AD036E0628F2189900F8E1C2 /* RegisterViewController.swift in Sources */ = {isa = PBXBuildFile; fileRef = AD036E0528F2189900F8E1C2 /* RegisterViewController.swift */; };
		AD036E3328F4E14400F8E1C2 /* AuthenticationViewViewModel.swift in Sources */ = {isa = PBXBuildFile; fileRef = AD036E3228F4E14400F8E1C2 /* AuthenticationViewViewModel.swift */; };
		AD036E3628F4EF2000F8E1C2 /* AuthManager.swift in Sources */ = {isa = PBXBuildFile; fileRef = AD036E3528F4EF2000F8E1C2 /* AuthManager.swift */; };
		AD4080EA290DB5030077653D /* LoginViewController.swift in Sources */ = {isa = PBXBuildFile; fileRef = AD4080E9290DB5030077653D /* LoginViewController.swift */; };
		AD705DC228D3E1C20048778A /* ProfileViewController.swift in Sources */ = {isa = PBXBuildFile; fileRef = AD705DC128D3E1C20048778A /* ProfileViewController.swift */; };
		AD80761928D61E4B00367278 /* ProfileTableViewHeader.swift in Sources */ = {isa = PBXBuildFile; fileRef = AD80761828D61E4B00367278 /* ProfileTableViewHeader.swift */; };
		ADABF0D128D1410200DCA76D /* AppDelegate.swift in Sources */ = {isa = PBXBuildFile; fileRef = ADABF0D028D1410200DCA76D /* AppDelegate.swift */; };
		ADABF0D328D1410200DCA76D /* SceneDelegate.swift in Sources */ = {isa = PBXBuildFile; fileRef = ADABF0D228D1410200DCA76D /* SceneDelegate.swift */; };
		ADABF0D528D1410200DCA76D /* MainTabbarViewController.swift in Sources */ = {isa = PBXBuildFile; fileRef = ADABF0D428D1410200DCA76D /* MainTabbarViewController.swift */; };
		ADABF0DA28D1410300DCA76D /* Assets.xcassets in Resources */ = {isa = PBXBuildFile; fileRef = ADABF0D928D1410300DCA76D /* Assets.xcassets */; };
		ADABF0DD28D1410300DCA76D /* LaunchScreen.storyboard in Resources */ = {isa = PBXBuildFile; fileRef = ADABF0DB28D1410300DCA76D /* LaunchScreen.storyboard */; };
		ADABF0E728D143B700DCA76D /* HomeViewController.swift in Sources */ = {isa = PBXBuildFile; fileRef = ADABF0E628D143B700DCA76D /* HomeViewController.swift */; };
		ADABF0E928D143C600DCA76D /* SearchViewController.swift in Sources */ = {isa = PBXBuildFile; fileRef = ADABF0E828D143C600DCA76D /* SearchViewController.swift */; };
		ADABF0EB28D143D000DCA76D /* NotificationsViewController.swift in Sources */ = {isa = PBXBuildFile; fileRef = ADABF0EA28D143D000DCA76D /* NotificationsViewController.swift */; };
		ADABF0ED28D143ED00DCA76D /* DirectMessagesViewController.swift in Sources */ = {isa = PBXBuildFile; fileRef = ADABF0EC28D143ED00DCA76D /* DirectMessagesViewController.swift */; };
		ADABF0F028D1513000DCA76D /* TweetTableViewCell.swift in Sources */ = {isa = PBXBuildFile; fileRef = ADABF0EF28D1513000DCA76D /* TweetTableViewCell.swift */; };
/* End PBXBuildFile section */

/* Begin PBXFileReference section */
		AD036DED28F208C800F8E1C2 /* GoogleService-Info.plist */ = {isa = PBXFileReference; fileEncoding = 4; lastKnownFileType = text.plist.xml; path = "GoogleService-Info.plist"; sourceTree = "<group>"; };
		AD036E0328F20BD800F8E1C2 /* OnboardingViewController.swift */ = {isa = PBXFileReference; lastKnownFileType = sourcecode.swift; path = OnboardingViewController.swift; sourceTree = "<group>"; };
		AD036E0528F2189900F8E1C2 /* RegisterViewController.swift */ = {isa = PBXFileReference; lastKnownFileType = sourcecode.swift; path = RegisterViewController.swift; sourceTree = "<group>"; };
		AD036E3228F4E14400F8E1C2 /* AuthenticationViewViewModel.swift */ = {isa = PBXFileReference; lastKnownFileType = sourcecode.swift; path = AuthenticationViewViewModel.swift; sourceTree = "<group>"; };
		AD036E3528F4EF2000F8E1C2 /* AuthManager.swift */ = {isa = PBXFileReference; lastKnownFileType = sourcecode.swift; path = AuthManager.swift; sourceTree = "<group>"; };
		AD4080E9290DB5030077653D /* LoginViewController.swift */ = {isa = PBXFileReference; lastKnownFileType = sourcecode.swift; path = LoginViewController.swift; sourceTree = "<group>"; };
		AD705DC128D3E1C20048778A /* ProfileViewController.swift */ = {isa = PBXFileReference; lastKnownFileType = sourcecode.swift; path = ProfileViewController.swift; sourceTree = "<group>"; };
		AD80761828D61E4B00367278 /* ProfileTableViewHeader.swift */ = {isa = PBXFileReference; lastKnownFileType = sourcecode.swift; path = ProfileTableViewHeader.swift; sourceTree = "<group>"; };
		ADABF0CD28D1410200DCA76D /* twitter.app */ = {isa = PBXFileReference; explicitFileType = wrapper.application; includeInIndex = 0; path = twitter.app; sourceTree = BUILT_PRODUCTS_DIR; };
		ADABF0D028D1410200DCA76D /* AppDelegate.swift */ = {isa = PBXFileReference; lastKnownFileType = sourcecode.swift; path = AppDelegate.swift; sourceTree = "<group>"; };
		ADABF0D228D1410200DCA76D /* SceneDelegate.swift */ = {isa = PBXFileReference; lastKnownFileType = sourcecode.swift; path = SceneDelegate.swift; sourceTree = "<group>"; };
		ADABF0D428D1410200DCA76D /* MainTabbarViewController.swift */ = {isa = PBXFileReference; lastKnownFileType = sourcecode.swift; path = MainTabbarViewController.swift; sourceTree = "<group>"; };
		ADABF0D928D1410300DCA76D /* Assets.xcassets */ = {isa = PBXFileReference; lastKnownFileType = folder.assetcatalog; path = Assets.xcassets; sourceTree = "<group>"; };
		ADABF0DC28D1410300DCA76D /* Base */ = {isa = PBXFileReference; lastKnownFileType = file.storyboard; name = Base; path = Base.lproj/LaunchScreen.storyboard; sourceTree = "<group>"; };
		ADABF0DE28D1410300DCA76D /* Info.plist */ = {isa = PBXFileReference; lastKnownFileType = text.plist.xml; path = Info.plist; sourceTree = "<group>"; };
		ADABF0E628D143B700DCA76D /* HomeViewController.swift */ = {isa = PBXFileReference; lastKnownFileType = sourcecode.swift; path = HomeViewController.swift; sourceTree = "<group>"; };
		ADABF0E828D143C600DCA76D /* SearchViewController.swift */ = {isa = PBXFileReference; lastKnownFileType = sourcecode.swift; path = SearchViewController.swift; sourceTree = "<group>"; };
		ADABF0EA28D143D000DCA76D /* NotificationsViewController.swift */ = {isa = PBXFileReference; lastKnownFileType = sourcecode.swift; path = NotificationsViewController.swift; sourceTree = "<group>"; };
		ADABF0EC28D143ED00DCA76D /* DirectMessagesViewController.swift */ = {isa = PBXFileReference; lastKnownFileType = sourcecode.swift; path = DirectMessagesViewController.swift; sourceTree = "<group>"; };
		ADABF0EF28D1513000DCA76D /* TweetTableViewCell.swift */ = {isa = PBXFileReference; lastKnownFileType = sourcecode.swift; path = TweetTableViewCell.swift; sourceTree = "<group>"; };
/* End PBXFileReference section */

/* Begin PBXFrameworksBuildPhase section */
		ADABF0CA28D1410100DCA76D /* Frameworks */ = {
			isa = PBXFrameworksBuildPhase;
			buildActionMask = 2147483647;
			files = (
				AD036DF728F20AA800F8E1C2 /* FirebaseDatabaseSwift in Frameworks */,
				AD036DF528F20AA800F8E1C2 /* FirebaseDatabase in Frameworks */,
				AD036DF128F20AA800F8E1C2 /* FirebaseAuth in Frameworks */,
				AD036DFD28F20AA800F8E1C2 /* FirebaseFirestoreSwift in Frameworks */,
				AD036DFB28F20AA800F8E1C2 /* FirebaseFirestoreCombine-Community in Frameworks */,
				AD036DFF28F20AA800F8E1C2 /* FirebaseStorage in Frameworks */,
				AD036DF928F20AA800F8E1C2 /* FirebaseFirestore in Frameworks */,
				AD036E0128F20AA800F8E1C2 /* FirebaseStorageCombine-Community in Frameworks */,
				AD036DF328F20AA800F8E1C2 /* FirebaseAuthCombine-Community in Frameworks */,
			);
			runOnlyForDeploymentPostprocessing = 0;
		};
/* End PBXFrameworksBuildPhase section */

/* Begin PBXGroup section */
		AD036E0228F20B8800F8E1C2 /* Onboarding */ = {
			isa = PBXGroup;
			children = (
				AD036E0328F20BD800F8E1C2 /* OnboardingViewController.swift */,
				AD036E0528F2189900F8E1C2 /* RegisterViewController.swift */,
				AD4080E9290DB5030077653D /* LoginViewController.swift */,
			);
			path = Onboarding;
			sourceTree = "<group>";
		};
		AD036E3128F4E12400F8E1C2 /* ViewModels */ = {
			isa = PBXGroup;
			children = (
				AD036E3228F4E14400F8E1C2 /* AuthenticationViewViewModel.swift */,
			);
			path = ViewModels;
			sourceTree = "<group>";
		};
		AD036E3428F4EF1200F8E1C2 /* Networking */ = {
			isa = PBXGroup;
			children = (
				AD036E3528F4EF2000F8E1C2 /* AuthManager.swift */,
			);
			path = Networking;
			sourceTree = "<group>";
		};
		AD705DC028D3E1AC0048778A /* General */ = {
			isa = PBXGroup;
			children = (
				AD705DC128D3E1C20048778A /* ProfileViewController.swift */,
			);
			path = General;
			sourceTree = "<group>";
		};
		ADABF0C428D1410100DCA76D = {
			isa = PBXGroup;
			children = (
				ADABF0CF28D1410200DCA76D /* twitter */,
				ADABF0CE28D1410200DCA76D /* Products */,
			);
			sourceTree = "<group>";
		};
		ADABF0CE28D1410200DCA76D /* Products */ = {
			isa = PBXGroup;
			children = (
				ADABF0CD28D1410200DCA76D /* twitter.app */,
			);
			name = Products;
			sourceTree = "<group>";
		};
		ADABF0CF28D1410200DCA76D /* twitter */ = {
			isa = PBXGroup;
			children = (
				AD036E3428F4EF1200F8E1C2 /* Networking */,
				AD036E3128F4E12400F8E1C2 /* ViewModels */,
				ADABF0EE28D1511C00DCA76D /* Views */,
				ADABF0E428D1439100DCA76D /* Controllers */,
				ADABF0D028D1410200DCA76D /* AppDelegate.swift */,
				ADABF0D228D1410200DCA76D /* SceneDelegate.swift */,
				ADABF0D928D1410300DCA76D /* Assets.xcassets */,
				ADABF0DB28D1410300DCA76D /* LaunchScreen.storyboard */,
				ADABF0DE28D1410300DCA76D /* Info.plist */,
				AD036DED28F208C800F8E1C2 /* GoogleService-Info.plist */,
			);
			path = twitter;
			sourceTree = "<group>";
		};
		ADABF0E428D1439100DCA76D /* Controllers */ = {
			isa = PBXGroup;
			children = (
				AD036E0228F20B8800F8E1C2 /* Onboarding */,
				AD705DC028D3E1AC0048778A /* General */,
				ADABF0E528D1439900DCA76D /* Core */,
			);
			path = Controllers;
			sourceTree = "<group>";
		};
		ADABF0E528D1439900DCA76D /* Core */ = {
			isa = PBXGroup;
			children = (
				ADABF0D428D1410200DCA76D /* MainTabbarViewController.swift */,
				ADABF0E628D143B700DCA76D /* HomeViewController.swift */,
				ADABF0E828D143C600DCA76D /* SearchViewController.swift */,
				ADABF0EA28D143D000DCA76D /* NotificationsViewController.swift */,
				ADABF0EC28D143ED00DCA76D /* DirectMessagesViewController.swift */,
			);
			path = Core;
			sourceTree = "<group>";
		};
		ADABF0EE28D1511C00DCA76D /* Views */ = {
			isa = PBXGroup;
			children = (
				ADABF0EF28D1513000DCA76D /* TweetTableViewCell.swift */,
				AD80761828D61E4B00367278 /* ProfileTableViewHeader.swift */,
			);
			path = Views;
			sourceTree = "<group>";
		};
/* End PBXGroup section */

/* Begin PBXNativeTarget section */
		ADABF0CC28D1410100DCA76D /* twitter */ = {
			isa = PBXNativeTarget;
			buildConfigurationList = ADABF0E128D1410300DCA76D /* Build configuration list for PBXNativeTarget "twitter" */;
			buildPhases = (
				ADABF0C928D1410100DCA76D /* Sources */,
				ADABF0CA28D1410100DCA76D /* Frameworks */,
				ADABF0CB28D1410100DCA76D /* Resources */,
			);
			buildRules = (
			);
			dependencies = (
			);
			name = twitter;
			packageProductDependencies = (
				AD036DF028F20AA800F8E1C2 /* FirebaseAuth */,
				AD036DF228F20AA800F8E1C2 /* FirebaseAuthCombine-Community */,
				AD036DF428F20AA800F8E1C2 /* FirebaseDatabase */,
				AD036DF628F20AA800F8E1C2 /* FirebaseDatabaseSwift */,
				AD036DF828F20AA800F8E1C2 /* FirebaseFirestore */,
				AD036DFA28F20AA800F8E1C2 /* FirebaseFirestoreCombine-Community */,
				AD036DFC28F20AA800F8E1C2 /* FirebaseFirestoreSwift */,
				AD036DFE28F20AA800F8E1C2 /* FirebaseStorage */,
				AD036E0028F20AA800F8E1C2 /* FirebaseStorageCombine-Community */,
			);
			productName = twitter;
			productReference = ADABF0CD28D1410200DCA76D /* twitter.app */;
			productType = "com.apple.product-type.application";
		};
/* End PBXNativeTarget section */

/* Begin PBXProject section */
		ADABF0C528D1410100DCA76D /* Project object */ = {
			isa = PBXProject;
			attributes = {
				BuildIndependentTargetsInParallel = 1;
				LastSwiftUpdateCheck = 1340;
				LastUpgradeCheck = 1340;
				TargetAttributes = {
					ADABF0CC28D1410100DCA76D = {
						CreatedOnToolsVersion = 13.4.1;
					};
				};
			};
			buildConfigurationList = ADABF0C828D1410100DCA76D /* Build configuration list for PBXProject "twitter" */;
			compatibilityVersion = "Xcode 13.0";
			developmentRegion = en;
			hasScannedForEncodings = 0;
			knownRegions = (
				en,
				Base,
			);
			mainGroup = ADABF0C428D1410100DCA76D;
			packageReferences = (
				AD036DEF28F20AA800F8E1C2 /* XCRemoteSwiftPackageReference "firebase-ios-sdk" */,
			);
			productRefGroup = ADABF0CE28D1410200DCA76D /* Products */;
			projectDirPath = "";
			projectRoot = "";
			targets = (
				ADABF0CC28D1410100DCA76D /* twitter */,
			);
		};
/* End PBXProject section */

/* Begin PBXResourcesBuildPhase section */
		ADABF0CB28D1410100DCA76D /* Resources */ = {
			isa = PBXResourcesBuildPhase;
			buildActionMask = 2147483647;
			files = (
				ADABF0DD28D1410300DCA76D /* LaunchScreen.storyboard in Resources */,
				ADABF0DA28D1410300DCA76D /* Assets.xcassets in Resources */,
				AD036DEE28F208C800F8E1C2 /* GoogleService-Info.plist in Resources */,
			);
			runOnlyForDeploymentPostprocessing = 0;
		};
/* End PBXResourcesBuildPhase section */

/* Begin PBXSourcesBuildPhase section */
		ADABF0C928D1410100DCA76D /* Sources */ = {
			isa = PBXSourcesBuildPhase;
			buildActionMask = 2147483647;
			files = (
				ADABF0E928D143C600DCA76D /* SearchViewController.swift in Sources */,
				AD036E3628F4EF2000F8E1C2 /* AuthManager.swift in Sources */,
				ADABF0D528D1410200DCA76D /* MainTabbarViewController.swift in Sources */,
				AD4080EA290DB5030077653D /* LoginViewController.swift in Sources */,
				ADABF0EB28D143D000DCA76D /* NotificationsViewController.swift in Sources */,
				AD036E0628F2189900F8E1C2 /* RegisterViewController.swift in Sources */,
				ADABF0D128D1410200DCA76D /* AppDelegate.swift in Sources */,
				ADABF0D328D1410200DCA76D /* SceneDelegate.swift in Sources */,
				ADABF0E728D143B700DCA76D /* HomeViewController.swift in Sources */,
				AD036E3328F4E14400F8E1C2 /* AuthenticationViewViewModel.swift in Sources */,
				AD705DC228D3E1C20048778A /* ProfileViewController.swift in Sources */,
				ADABF0ED28D143ED00DCA76D /* DirectMessagesViewController.swift in Sources */,
				AD80761928D61E4B00367278 /* ProfileTableViewHeader.swift in Sources */,
				AD036E0428F20BD800F8E1C2 /* OnboardingViewController.swift in Sources */,
				ADABF0F028D1513000DCA76D /* TweetTableViewCell.swift in Sources */,
			);
			runOnlyForDeploymentPostprocessing = 0;
		};
/* End PBXSourcesBuildPhase section */

/* Begin PBXVariantGroup section */
		ADABF0DB28D1410300DCA76D /* LaunchScreen.storyboard */ = {
			isa = PBXVariantGroup;
			children = (
				ADABF0DC28D1410300DCA76D /* Base */,
			);
			name = LaunchScreen.storyboard;
			sourceTree = "<group>";
		};
/* End PBXVariantGroup section */

/* Begin XCBuildConfiguration section */
		ADABF0DF28D1410300DCA76D /* Debug */ = {
			isa = XCBuildConfiguration;
			buildSettings = {
				ALWAYS_SEARCH_USER_PATHS = NO;
				CLANG_ANALYZER_NONNULL = YES;
				CLANG_ANALYZER_NUMBER_OBJECT_CONVERSION = YES_AGGRESSIVE;
				CLANG_CXX_LANGUAGE_STANDARD = "gnu++17";
				CLANG_ENABLE_MODULES = YES;
				CLANG_ENABLE_OBJC_ARC = YES;
				CLANG_ENABLE_OBJC_WEAK = YES;
				CLANG_WARN_BLOCK_CAPTURE_AUTORELEASING = YES;
				CLANG_WARN_BOOL_CONVERSION = YES;
				CLANG_WARN_COMMA = YES;
				CLANG_WARN_CONSTANT_CONVERSION = YES;
				CLANG_WARN_DEPRECATED_OBJC_IMPLEMENTATIONS = YES;
				CLANG_WARN_DIRECT_OBJC_ISA_USAGE = YES_ERROR;
				CLANG_WARN_DOCUMENTATION_COMMENTS = YES;
				CLANG_WARN_EMPTY_BODY = YES;
				CLANG_WARN_ENUM_CONVERSION = YES;
				CLANG_WARN_INFINITE_RECURSION = YES;
				CLANG_WARN_INT_CONVERSION = YES;
				CLANG_WARN_NON_LITERAL_NULL_CONVERSION = YES;
				CLANG_WARN_OBJC_IMPLICIT_RETAIN_SELF = YES;
				CLANG_WARN_OBJC_LITERAL_CONVERSION = YES;
				CLANG_WARN_OBJC_ROOT_CLASS = YES_ERROR;
				CLANG_WARN_QUOTED_INCLUDE_IN_FRAMEWORK_HEADER = YES;
				CLANG_WARN_RANGE_LOOP_ANALYSIS = YES;
				CLANG_WARN_STRICT_PROTOTYPES = YES;
				CLANG_WARN_SUSPICIOUS_MOVE = YES;
				CLANG_WARN_UNGUARDED_AVAILABILITY = YES_AGGRESSIVE;
				CLANG_WARN_UNREACHABLE_CODE = YES;
				CLANG_WARN__DUPLICATE_METHOD_MATCH = YES;
				COPY_PHASE_STRIP = NO;
				DEBUG_INFORMATION_FORMAT = dwarf;
				ENABLE_STRICT_OBJC_MSGSEND = YES;
				ENABLE_TESTABILITY = YES;
				GCC_C_LANGUAGE_STANDARD = gnu11;
				GCC_DYNAMIC_NO_PIC = NO;
				GCC_NO_COMMON_BLOCKS = YES;
				GCC_OPTIMIZATION_LEVEL = 0;
				GCC_PREPROCESSOR_DEFINITIONS = (
					"DEBUG=1",
					"$(inherited)",
				);
				GCC_WARN_64_TO_32_BIT_CONVERSION = YES;
				GCC_WARN_ABOUT_RETURN_TYPE = YES_ERROR;
				GCC_WARN_UNDECLARED_SELECTOR = YES;
				GCC_WARN_UNINITIALIZED_AUTOS = YES_AGGRESSIVE;
				GCC_WARN_UNUSED_FUNCTION = YES;
				GCC_WARN_UNUSED_VARIABLE = YES;
				IPHONEOS_DEPLOYMENT_TARGET = 15.5;
				MTL_ENABLE_DEBUG_INFO = INCLUDE_SOURCE;
				MTL_FAST_MATH = YES;
				ONLY_ACTIVE_ARCH = YES;
				SDKROOT = iphoneos;
				SWIFT_ACTIVE_COMPILATION_CONDITIONS = DEBUG;
				SWIFT_OPTIMIZATION_LEVEL = "-Onone";
			};
			name = Debug;
		};
		ADABF0E028D1410300DCA76D /* Release */ = {
			isa = XCBuildConfiguration;
			buildSettings = {
				ALWAYS_SEARCH_USER_PATHS = NO;
				CLANG_ANALYZER_NONNULL = YES;
				CLANG_ANALYZER_NUMBER_OBJECT_CONVERSION = YES_AGGRESSIVE;
				CLANG_CXX_LANGUAGE_STANDARD = "gnu++17";
				CLANG_ENABLE_MODULES = YES;
				CLANG_ENABLE_OBJC_ARC = YES;
				CLANG_ENABLE_OBJC_WEAK = YES;
				CLANG_WARN_BLOCK_CAPTURE_AUTORELEASING = YES;
				CLANG_WARN_BOOL_CONVERSION = YES;
				CLANG_WARN_COMMA = YES;
				CLANG_WARN_CONSTANT_CONVERSION = YES;
				CLANG_WARN_DEPRECATED_OBJC_IMPLEMENTATIONS = YES;
				CLANG_WARN_DIRECT_OBJC_ISA_USAGE = YES_ERROR;
				CLANG_WARN_DOCUMENTATION_COMMENTS = YES;
				CLANG_WARN_EMPTY_BODY = YES;
				CLANG_WARN_ENUM_CONVERSION = YES;
				CLANG_WARN_INFINITE_RECURSION = YES;
				CLANG_WARN_INT_CONVERSION = YES;
				CLANG_WARN_NON_LITERAL_NULL_CONVERSION = YES;
				CLANG_WARN_OBJC_IMPLICIT_RETAIN_SELF = YES;
				CLANG_WARN_OBJC_LITERAL_CONVERSION = YES;
				CLANG_WARN_OBJC_ROOT_CLASS = YES_ERROR;
				CLANG_WARN_QUOTED_INCLUDE_IN_FRAMEWORK_HEADER = YES;
				CLANG_WARN_RANGE_LOOP_ANALYSIS = YES;
				CLANG_WARN_STRICT_PROTOTYPES = YES;
				CLANG_WARN_SUSPICIOUS_MOVE = YES;
				CLANG_WARN_UNGUARDED_AVAILABILITY = YES_AGGRESSIVE;
				CLANG_WARN_UNREACHABLE_CODE = YES;
				CLANG_WARN__DUPLICATE_METHOD_MATCH = YES;
				COPY_PHASE_STRIP = NO;
				DEBUG_INFORMATION_FORMAT = "dwarf-with-dsym";
				ENABLE_NS_ASSERTIONS = NO;
				ENABLE_STRICT_OBJC_MSGSEND = YES;
				GCC_C_LANGUAGE_STANDARD = gnu11;
				GCC_NO_COMMON_BLOCKS = YES;
				GCC_WARN_64_TO_32_BIT_CONVERSION = YES;
				GCC_WARN_ABOUT_RETURN_TYPE = YES_ERROR;
				GCC_WARN_UNDECLARED_SELECTOR = YES;
				GCC_WARN_UNINITIALIZED_AUTOS = YES_AGGRESSIVE;
				GCC_WARN_UNUSED_FUNCTION = YES;
				GCC_WARN_UNUSED_VARIABLE = YES;
				IPHONEOS_DEPLOYMENT_TARGET = 15.5;
				MTL_ENABLE_DEBUG_INFO = NO;
				MTL_FAST_MATH = YES;
				SDKROOT = iphoneos;
				SWIFT_COMPILATION_MODE = wholemodule;
				SWIFT_OPTIMIZATION_LEVEL = "-O";
				VALIDATE_PRODUCT = YES;
			};
			name = Release;
		};
		ADABF0E228D1410300DCA76D /* Debug */ = {
			isa = XCBuildConfiguration;
			buildSettings = {
				ASSETCATALOG_COMPILER_APPICON_NAME = AppIcon;
				ASSETCATALOG_COMPILER_GLOBAL_ACCENT_COLOR_NAME = AccentColor;
				CODE_SIGN_STYLE = Automatic;
				CURRENT_PROJECT_VERSION = 1;
				GENERATE_INFOPLIST_FILE = YES;
				INFOPLIST_FILE = twitter/Info.plist;
				INFOPLIST_KEY_UIApplicationSupportsIndirectInputEvents = YES;
				INFOPLIST_KEY_UILaunchStoryboardName = LaunchScreen;
				INFOPLIST_KEY_UISupportedInterfaceOrientations_iPad = "UIInterfaceOrientationPortrait UIInterfaceOrientationPortraitUpsideDown UIInterfaceOrientationLandscapeLeft UIInterfaceOrientationLandscapeRight";
				INFOPLIST_KEY_UISupportedInterfaceOrientations_iPhone = "UIInterfaceOrientationPortrait UIInterfaceOrientationLandscapeLeft UIInterfaceOrientationLandscapeRight";
				LD_RUNPATH_SEARCH_PATHS = (
					"$(inherited)",
					"@executable_path/Frameworks",
				);
				MARKETING_VERSION = 1.0;
				PRODUCT_BUNDLE_IDENTIFIER = com.allexis.twitter;
				PRODUCT_NAME = "$(TARGET_NAME)";
				SWIFT_EMIT_LOC_STRINGS = YES;
				SWIFT_VERSION = 5.0;
				TARGETED_DEVICE_FAMILY = "1,2";
			};
			name = Debug;
		};
		ADABF0E328D1410300DCA76D /* Release */ = {
			isa = XCBuildConfiguration;
			buildSettings = {
				ASSETCATALOG_COMPILER_APPICON_NAME = AppIcon;
				ASSETCATALOG_COMPILER_GLOBAL_ACCENT_COLOR_NAME = AccentColor;
				CODE_SIGN_STYLE = Automatic;
				CURRENT_PROJECT_VERSION = 1;
				GENERATE_INFOPLIST_FILE = YES;
				INFOPLIST_FILE = twitter/Info.plist;
				INFOPLIST_KEY_UIApplicationSupportsIndirectInputEvents = YES;
				INFOPLIST_KEY_UILaunchStoryboardName = LaunchScreen;
				INFOPLIST_KEY_UISupportedInterfaceOrientations_iPad = "UIInterfaceOrientationPortrait UIInterfaceOrientationPortraitUpsideDown UIInterfaceOrientationLandscapeLeft UIInterfaceOrientationLandscapeRight";
				INFOPLIST_KEY_UISupportedInterfaceOrientations_iPhone = "UIInterfaceOrientationPortrait UIInterfaceOrientationLandscapeLeft UIInterfaceOrientationLandscapeRight";
				LD_RUNPATH_SEARCH_PATHS = (
					"$(inherited)",
					"@executable_path/Frameworks",
				);
				MARKETING_VERSION = 1.0;
				PRODUCT_BUNDLE_IDENTIFIER = com.allexis.twitter;
				PRODUCT_NAME = "$(TARGET_NAME)";
				SWIFT_EMIT_LOC_STRINGS = YES;
				SWIFT_VERSION = 5.0;
				TARGETED_DEVICE_FAMILY = "1,2";
			};
			name = Release;
		};
/* End XCBuildConfiguration section */

/* Begin XCConfigurationList section */
		ADABF0C828D1410100DCA76D /* Build configuration list for PBXProject "twitter" */ = {
			isa = XCConfigurationList;
			buildConfigurations = (
				ADABF0DF28D1410300DCA76D /* Debug */,
				ADABF0E028D1410300DCA76D /* Release */,
			);
			defaultConfigurationIsVisible = 0;
			defaultConfigurationName = Release;
		};
		ADABF0E128D1410300DCA76D /* Build configuration list for PBXNativeTarget "twitter" */ = {
			isa = XCConfigurationList;
			buildConfigurations = (
				ADABF0E228D1410300DCA76D /* Debug */,
				ADABF0E328D1410300DCA76D /* Release */,
			);
			defaultConfigurationIsVisible = 0;
			defaultConfigurationName = Release;
		};
/* End XCConfigurationList section */

/* Begin XCRemoteSwiftPackageReference section */
		AD036DEF28F20AA800F8E1C2 /* XCRemoteSwiftPackageReference "firebase-ios-sdk" */ = {
			isa = XCRemoteSwiftPackageReference;
			repositoryURL = "https://github.com/firebase/firebase-ios-sdk";
			requirement = {
				kind = upToNextMinorVersion;
				minimumVersion = 9.6.0;
			};
		};
/* End XCRemoteSwiftPackageReference section */

/* Begin XCSwiftPackageProductDependency section */
		AD036DF028F20AA800F8E1C2 /* FirebaseAuth */ = {
			isa = XCSwiftPackageProductDependency;
			package = AD036DEF28F20AA800F8E1C2 /* XCRemoteSwiftPackageReference "firebase-ios-sdk" */;
			productName = FirebaseAuth;
		};
		AD036DF228F20AA800F8E1C2 /* FirebaseAuthCombine-Community */ = {
			isa = XCSwiftPackageProductDependency;
			package = AD036DEF28F20AA800F8E1C2 /* XCRemoteSwiftPackageReference "firebase-ios-sdk" */;
			productName = "FirebaseAuthCombine-Community";
		};
		AD036DF428F20AA800F8E1C2 /* FirebaseDatabase */ = {
			isa = XCSwiftPackageProductDependency;
			package = AD036DEF28F20AA800F8E1C2 /* XCRemoteSwiftPackageReference "firebase-ios-sdk" */;
			productName = FirebaseDatabase;
		};
		AD036DF628F20AA800F8E1C2 /* FirebaseDatabaseSwift */ = {
			isa = XCSwiftPackageProductDependency;
			package = AD036DEF28F20AA800F8E1C2 /* XCRemoteSwiftPackageReference "firebase-ios-sdk" */;
			productName = FirebaseDatabaseSwift;
		};
		AD036DF828F20AA800F8E1C2 /* FirebaseFirestore */ = {
			isa = XCSwiftPackageProductDependency;
			package = AD036DEF28F20AA800F8E1C2 /* XCRemoteSwiftPackageReference "firebase-ios-sdk" */;
			productName = FirebaseFirestore;
		};
		AD036DFA28F20AA800F8E1C2 /* FirebaseFirestoreCombine-Community */ = {
			isa = XCSwiftPackageProductDependency;
			package = AD036DEF28F20AA800F8E1C2 /* XCRemoteSwiftPackageReference "firebase-ios-sdk" */;
			productName = "FirebaseFirestoreCombine-Community";
		};
		AD036DFC28F20AA800F8E1C2 /* FirebaseFirestoreSwift */ = {
			isa = XCSwiftPackageProductDependency;
			package = AD036DEF28F20AA800F8E1C2 /* XCRemoteSwiftPackageReference "firebase-ios-sdk" */;
			productName = FirebaseFirestoreSwift;
		};
		AD036DFE28F20AA800F8E1C2 /* FirebaseStorage */ = {
			isa = XCSwiftPackageProductDependency;
			package = AD036DEF28F20AA800F8E1C2 /* XCRemoteSwiftPackageReference "firebase-ios-sdk" */;
			productName = FirebaseStorage;
		};
		AD036E0028F20AA800F8E1C2 /* FirebaseStorageCombine-Community */ = {
			isa = XCSwiftPackageProductDependency;
			package = AD036DEF28F20AA800F8E1C2 /* XCRemoteSwiftPackageReference "firebase-ios-sdk" */;
			productName = "FirebaseStorageCombine-Community";
		};
/* End XCSwiftPackageProductDependency section */
	};
	rootObject = ADABF0C528D1410100DCA76D /* Project object */;
}
